// !$*UTF8*$!
{
	archiveVersion = 1;
	classes = {
	};
	objectVersion = 51;
	objects = {

/* Begin PBXBuildFile section */
		165A74AAD0D0A4EFC807317F /* Pods_TravelDiaryTests.framework in Frameworks */ = {isa = PBXBuildFile; fileRef = 236D2D51F803E6F281155E6A /* Pods_TravelDiaryTests.framework */; };
		7558EF3A8C4680D530D076AC /* Pods_TravelDiary.framework in Frameworks */ = {isa = PBXBuildFile; fileRef = 4189C15F5AA3A3B15853F6D1 /* Pods_TravelDiary.framework */; };
		DA20A98F237DF6AA0081DB72 /* DataManager.swift in Sources */ = {isa = PBXBuildFile; fileRef = DA20A98E237DF6AA0081DB72 /* DataManager.swift */; };
		DA3386B62380A25700EBE722 /* TabViewController.swift in Sources */ = {isa = PBXBuildFile; fileRef = DA3386B52380A25700EBE722 /* TabViewController.swift */; };
		DA3386B92380BF8900EBE722 /* LocationSearchViewController.swift in Sources */ = {isa = PBXBuildFile; fileRef = DA3386B82380BF8900EBE722 /* LocationSearchViewController.swift */; };
		DA3386BB2381160000EBE722 /* LocationSearchTableViewController.swift in Sources */ = {isa = PBXBuildFile; fileRef = DA3386BA2381160000EBE722 /* LocationSearchTableViewController.swift */; };
		DA3386BD2383566700EBE722 /* HealthKit.framework in Frameworks */ = {isa = PBXBuildFile; fileRef = DA3386BC2383566700EBE722 /* HealthKit.framework */; };
		DA3386C023849FFB00EBE722 /* LoginTextField.swift in Sources */ = {isa = PBXBuildFile; fileRef = DA3386BF23849FFB00EBE722 /* LoginTextField.swift */; };
		DA3386C22384A08000EBE722 /* UIButton.swift in Sources */ = {isa = PBXBuildFile; fileRef = DA3386C12384A08000EBE722 /* UIButton.swift */; };
		DA3386C42384A12A00EBE722 /* FirebaseManager.swift in Sources */ = {isa = PBXBuildFile; fileRef = DA3386C32384A12A00EBE722 /* FirebaseManager.swift */; };
		DA4366492384B30700AA0821 /* ImageManager.swift in Sources */ = {isa = PBXBuildFile; fileRef = DA4366482384B30700AA0821 /* ImageManager.swift */; };
		DA43664B23850A7D00AA0821 /* UIView.swift in Sources */ = {isa = PBXBuildFile; fileRef = DA43664A23850A7D00AA0821 /* UIView.swift */; };
		DA95BBAF2379090800880622 /* InfoViewController.swift in Sources */ = {isa = PBXBuildFile; fileRef = DA95BBAE2379090800880622 /* InfoViewController.swift */; };
		DA95BBB1237911D400880622 /* Helpers.swift in Sources */ = {isa = PBXBuildFile; fileRef = DA95BBB0237911D400880622 /* Helpers.swift */; };
		DA95BBB323791BE500880622 /* Constant.swift in Sources */ = {isa = PBXBuildFile; fileRef = DA95BBB223791BE500880622 /* Constant.swift */; };
		DA9815A1237762430010B001 /* AppDelegate.swift in Sources */ = {isa = PBXBuildFile; fileRef = DA9815A0237762430010B001 /* AppDelegate.swift */; };
		DA9815A8237762430010B001 /* Main.storyboard in Resources */ = {isa = PBXBuildFile; fileRef = DA9815A6237762430010B001 /* Main.storyboard */; };
		DA9815AA237762440010B001 /* Assets.xcassets in Resources */ = {isa = PBXBuildFile; fileRef = DA9815A9237762440010B001 /* Assets.xcassets */; };
		DA9815AD237762440010B001 /* LaunchScreen.storyboard in Resources */ = {isa = PBXBuildFile; fileRef = DA9815AB237762440010B001 /* LaunchScreen.storyboard */; };
		DA9815B8237762440010B001 /* TravelDiaryTests.swift in Sources */ = {isa = PBXBuildFile; fileRef = DA9815B7237762440010B001 /* TravelDiaryTests.swift */; };
		DA9815CE23776D300010B001 /* PlazaTableViewController.swift in Sources */ = {isa = PBXBuildFile; fileRef = DA9815CD23776D300010B001 /* PlazaTableViewController.swift */; };
		DA9815D023776D4D0010B001 /* MapViewController.swift in Sources */ = {isa = PBXBuildFile; fileRef = DA9815CF23776D4D0010B001 /* MapViewController.swift */; };
		DA9815D223776D8F0010B001 /* PostsTableViewController.swift in Sources */ = {isa = PBXBuildFile; fileRef = DA9815D123776D8F0010B001 /* PostsTableViewController.swift */; };
		DA9815D423776DB30010B001 /* CalendarViewController.swift in Sources */ = {isa = PBXBuildFile; fileRef = DA9815D323776DB30010B001 /* CalendarViewController.swift */; };
		DA9815D623776DC30010B001 /* ProfileViewController.swift in Sources */ = {isa = PBXBuildFile; fileRef = DA9815D523776DC30010B001 /* ProfileViewController.swift */; };
		DA9815D823776DD00010B001 /* EditViewController.swift in Sources */ = {isa = PBXBuildFile; fileRef = DA9815D723776DD00010B001 /* EditViewController.swift */; };
		DA9815DA237772C50010B001 /* LoginViewController.swift in Sources */ = {isa = PBXBuildFile; fileRef = DA9815D9237772C50010B001 /* LoginViewController.swift */; };
		DA9815DC237775E70010B001 /* GoogleService-Info.plist in Resources */ = {isa = PBXBuildFile; fileRef = DA9815DB237775E70010B001 /* GoogleService-Info.plist */; };
		DAA5F797237A562D00C0AC52 /* UserController.swift in Sources */ = {isa = PBXBuildFile; fileRef = DAA5F796237A562D00C0AC52 /* UserController.swift */; };
		DAA5F799237A575300C0AC52 /* PostController.swift in Sources */ = {isa = PBXBuildFile; fileRef = DAA5F798237A575300C0AC52 /* PostController.swift */; };
		DAA5F79C237C5B3F00C0AC52 /* travelDiary.xcdatamodeld in Sources */ = {isa = PBXBuildFile; fileRef = DAA5F79A237C5B3F00C0AC52 /* travelDiary.xcdatamodeld */; };
		DAC01D69238633900043230B /* DataSource.swift in Sources */ = {isa = PBXBuildFile; fileRef = DAC01D68238633900043230B /* DataSource.swift */; };
		DAC01D6B23863DB60043230B /* MyPostViewCell.swift in Sources */ = {isa = PBXBuildFile; fileRef = DAC01D6A23863DB60043230B /* MyPostViewCell.swift */; };
		DAC01D6D23878ECA0043230B /* LoginPageViewController.swift in Sources */ = {isa = PBXBuildFile; fileRef = DAC01D6C23878ECA0043230B /* LoginPageViewController.swift */; };
		DAC01D6F23879B720043230B /* DateCollectionViewCell.swift in Sources */ = {isa = PBXBuildFile; fileRef = DAC01D6E23879B720043230B /* DateCollectionViewCell.swift */; };
/* End PBXBuildFile section */

/* Begin PBXContainerItemProxy section */
		DA9815B4237762440010B001 /* PBXContainerItemProxy */ = {
			isa = PBXContainerItemProxy;
			containerPortal = DA981595237762430010B001 /* Project object */;
			proxyType = 1;
			remoteGlobalIDString = DA98159C237762430010B001;
			remoteInfo = TravelDiary;
		};
/* End PBXContainerItemProxy section */

/* Begin PBXFileReference section */
		236D2D51F803E6F281155E6A /* Pods_TravelDiaryTests.framework */ = {isa = PBXFileReference; explicitFileType = wrapper.framework; includeInIndex = 0; path = Pods_TravelDiaryTests.framework; sourceTree = BUILT_PRODUCTS_DIR; };
		2FF470A8028DB79C3ED2DA03 /* Pods-TravelDiaryTests.release.xcconfig */ = {isa = PBXFileReference; includeInIndex = 1; lastKnownFileType = text.xcconfig; name = "Pods-TravelDiaryTests.release.xcconfig"; path = "Target Support Files/Pods-TravelDiaryTests/Pods-TravelDiaryTests.release.xcconfig"; sourceTree = "<group>"; };
		4189C15F5AA3A3B15853F6D1 /* Pods_TravelDiary.framework */ = {isa = PBXFileReference; explicitFileType = wrapper.framework; includeInIndex = 0; path = Pods_TravelDiary.framework; sourceTree = BUILT_PRODUCTS_DIR; };
		B891CE737BB2309D8EDA5FB0 /* Pods-TravelDiaryTests.debug.xcconfig */ = {isa = PBXFileReference; includeInIndex = 1; lastKnownFileType = text.xcconfig; name = "Pods-TravelDiaryTests.debug.xcconfig"; path = "Target Support Files/Pods-TravelDiaryTests/Pods-TravelDiaryTests.debug.xcconfig"; sourceTree = "<group>"; };
		DA20A98E237DF6AA0081DB72 /* DataManager.swift */ = {isa = PBXFileReference; lastKnownFileType = sourcecode.swift; path = DataManager.swift; sourceTree = "<group>"; };
		DA3386B52380A25700EBE722 /* TabViewController.swift */ = {isa = PBXFileReference; lastKnownFileType = sourcecode.swift; path = TabViewController.swift; sourceTree = "<group>"; };
		DA3386B82380BF8900EBE722 /* LocationSearchViewController.swift */ = {isa = PBXFileReference; lastKnownFileType = sourcecode.swift; path = LocationSearchViewController.swift; sourceTree = "<group>"; };
		DA3386BA2381160000EBE722 /* LocationSearchTableViewController.swift */ = {isa = PBXFileReference; lastKnownFileType = sourcecode.swift; path = LocationSearchTableViewController.swift; sourceTree = "<group>"; };
		DA3386BC2383566700EBE722 /* HealthKit.framework */ = {isa = PBXFileReference; lastKnownFileType = wrapper.framework; name = HealthKit.framework; path = System/Library/Frameworks/HealthKit.framework; sourceTree = SDKROOT; };
		DA3386BE2383566700EBE722 /* TravelDiary.entitlements */ = {isa = PBXFileReference; lastKnownFileType = text.plist.entitlements; path = TravelDiary.entitlements; sourceTree = "<group>"; };
		DA3386BF23849FFB00EBE722 /* LoginTextField.swift */ = {isa = PBXFileReference; lastKnownFileType = sourcecode.swift; path = LoginTextField.swift; sourceTree = "<group>"; };
		DA3386C12384A08000EBE722 /* UIButton.swift */ = {isa = PBXFileReference; lastKnownFileType = sourcecode.swift; path = UIButton.swift; sourceTree = "<group>"; };
		DA3386C32384A12A00EBE722 /* FirebaseManager.swift */ = {isa = PBXFileReference; lastKnownFileType = sourcecode.swift; path = FirebaseManager.swift; sourceTree = "<group>"; };
		DA4366482384B30700AA0821 /* ImageManager.swift */ = {isa = PBXFileReference; lastKnownFileType = sourcecode.swift; path = ImageManager.swift; sourceTree = "<group>"; };
		DA43664A23850A7D00AA0821 /* UIView.swift */ = {isa = PBXFileReference; lastKnownFileType = sourcecode.swift; path = UIView.swift; sourceTree = "<group>"; };
		DA95BBAE2379090800880622 /* InfoViewController.swift */ = {isa = PBXFileReference; lastKnownFileType = sourcecode.swift; path = InfoViewController.swift; sourceTree = "<group>"; };
		DA95BBB0237911D400880622 /* Helpers.swift */ = {isa = PBXFileReference; lastKnownFileType = sourcecode.swift; path = Helpers.swift; sourceTree = "<group>"; };
		DA95BBB223791BE500880622 /* Constant.swift */ = {isa = PBXFileReference; lastKnownFileType = sourcecode.swift; path = Constant.swift; sourceTree = "<group>"; };
		DA98159D237762430010B001 /* TravelDiary.app */ = {isa = PBXFileReference; explicitFileType = wrapper.application; includeInIndex = 0; path = TravelDiary.app; sourceTree = BUILT_PRODUCTS_DIR; };
		DA9815A0237762430010B001 /* AppDelegate.swift */ = {isa = PBXFileReference; lastKnownFileType = sourcecode.swift; path = AppDelegate.swift; sourceTree = "<group>"; };
		DA9815A7237762430010B001 /* Base */ = {isa = PBXFileReference; lastKnownFileType = file.storyboard; name = Base; path = Base.lproj/Main.storyboard; sourceTree = "<group>"; };
		DA9815A9237762440010B001 /* Assets.xcassets */ = {isa = PBXFileReference; lastKnownFileType = folder.assetcatalog; path = Assets.xcassets; sourceTree = "<group>"; };
		DA9815AC237762440010B001 /* Base */ = {isa = PBXFileReference; lastKnownFileType = file.storyboard; name = Base; path = Base.lproj/LaunchScreen.storyboard; sourceTree = "<group>"; };
		DA9815AE237762440010B001 /* Info.plist */ = {isa = PBXFileReference; lastKnownFileType = text.plist.xml; path = Info.plist; sourceTree = "<group>"; };
		DA9815B3237762440010B001 /* TravelDiaryTests.xctest */ = {isa = PBXFileReference; explicitFileType = wrapper.cfbundle; includeInIndex = 0; path = TravelDiaryTests.xctest; sourceTree = BUILT_PRODUCTS_DIR; };
		DA9815B7237762440010B001 /* TravelDiaryTests.swift */ = {isa = PBXFileReference; lastKnownFileType = sourcecode.swift; path = TravelDiaryTests.swift; sourceTree = "<group>"; };
		DA9815B9237762440010B001 /* Info.plist */ = {isa = PBXFileReference; lastKnownFileType = text.plist.xml; path = Info.plist; sourceTree = "<group>"; };
		DA9815CD23776D300010B001 /* PlazaTableViewController.swift */ = {isa = PBXFileReference; lastKnownFileType = sourcecode.swift; path = PlazaTableViewController.swift; sourceTree = "<group>"; };
		DA9815CF23776D4D0010B001 /* MapViewController.swift */ = {isa = PBXFileReference; lastKnownFileType = sourcecode.swift; path = MapViewController.swift; sourceTree = "<group>"; };
		DA9815D123776D8F0010B001 /* PostsTableViewController.swift */ = {isa = PBXFileReference; lastKnownFileType = sourcecode.swift; path = PostsTableViewController.swift; sourceTree = "<group>"; };
		DA9815D323776DB30010B001 /* CalendarViewController.swift */ = {isa = PBXFileReference; lastKnownFileType = sourcecode.swift; path = CalendarViewController.swift; sourceTree = "<group>"; };
		DA9815D523776DC30010B001 /* ProfileViewController.swift */ = {isa = PBXFileReference; lastKnownFileType = sourcecode.swift; path = ProfileViewController.swift; sourceTree = "<group>"; };
		DA9815D723776DD00010B001 /* EditViewController.swift */ = {isa = PBXFileReference; lastKnownFileType = sourcecode.swift; path = EditViewController.swift; sourceTree = "<group>"; };
		DA9815D9237772C50010B001 /* LoginViewController.swift */ = {isa = PBXFileReference; lastKnownFileType = sourcecode.swift; path = LoginViewController.swift; sourceTree = "<group>"; };
		DA9815DB237775E70010B001 /* GoogleService-Info.plist */ = {isa = PBXFileReference; fileEncoding = 4; lastKnownFileType = text.plist.xml; path = "GoogleService-Info.plist"; sourceTree = "<group>"; };
		DAA5F796237A562D00C0AC52 /* UserController.swift */ = {isa = PBXFileReference; lastKnownFileType = sourcecode.swift; path = UserController.swift; sourceTree = "<group>"; };
		DAA5F798237A575300C0AC52 /* PostController.swift */ = {isa = PBXFileReference; lastKnownFileType = sourcecode.swift; path = PostController.swift; sourceTree = "<group>"; };
		DAA5F79B237C5B3F00C0AC52 /* travelDiary.xcdatamodel */ = {isa = PBXFileReference; lastKnownFileType = wrapper.xcdatamodel; path = travelDiary.xcdatamodel; sourceTree = "<group>"; };
		DAC01D68238633900043230B /* DataSource.swift */ = {isa = PBXFileReference; lastKnownFileType = sourcecode.swift; path = DataSource.swift; sourceTree = "<group>"; };
		DAC01D6A23863DB60043230B /* MyPostViewCell.swift */ = {isa = PBXFileReference; lastKnownFileType = sourcecode.swift; path = MyPostViewCell.swift; sourceTree = "<group>"; };
		DAC01D6C23878ECA0043230B /* LoginPageViewController.swift */ = {isa = PBXFileReference; lastKnownFileType = sourcecode.swift; path = LoginPageViewController.swift; sourceTree = "<group>"; };
		DAC01D6E23879B720043230B /* DateCollectionViewCell.swift */ = {isa = PBXFileReference; lastKnownFileType = sourcecode.swift; path = DateCollectionViewCell.swift; sourceTree = "<group>"; };
		E227007B686D84DB9210E08D /* Pods-TravelDiary.release.xcconfig */ = {isa = PBXFileReference; includeInIndex = 1; lastKnownFileType = text.xcconfig; name = "Pods-TravelDiary.release.xcconfig"; path = "Target Support Files/Pods-TravelDiary/Pods-TravelDiary.release.xcconfig"; sourceTree = "<group>"; };
		EA80EFB42E1B8384EA4A042D /* Pods-TravelDiary.debug.xcconfig */ = {isa = PBXFileReference; includeInIndex = 1; lastKnownFileType = text.xcconfig; name = "Pods-TravelDiary.debug.xcconfig"; path = "Target Support Files/Pods-TravelDiary/Pods-TravelDiary.debug.xcconfig"; sourceTree = "<group>"; };
/* End PBXFileReference section */

/* Begin PBXFrameworksBuildPhase section */
		DA98159A237762430010B001 /* Frameworks */ = {
			isa = PBXFrameworksBuildPhase;
			buildActionMask = 2147483647;
			files = (
				7558EF3A8C4680D530D076AC /* Pods_TravelDiary.framework in Frameworks */,
				DA3386BD2383566700EBE722 /* HealthKit.framework in Frameworks */,
			);
			runOnlyForDeploymentPostprocessing = 0;
		};
		DA9815B0237762440010B001 /* Frameworks */ = {
			isa = PBXFrameworksBuildPhase;
			buildActionMask = 2147483647;
			files = (
				165A74AAD0D0A4EFC807317F /* Pods_TravelDiaryTests.framework in Frameworks */,
			);
			runOnlyForDeploymentPostprocessing = 0;
		};
/* End PBXFrameworksBuildPhase section */

/* Begin PBXGroup section */
		536D9DC7CCF7D23D2363216E /* Frameworks */ = {
			isa = PBXGroup;
			children = (
				DA3386BC2383566700EBE722 /* HealthKit.framework */,
				4189C15F5AA3A3B15853F6D1 /* Pods_TravelDiary.framework */,
				236D2D51F803E6F281155E6A /* Pods_TravelDiaryTests.framework */,
			);
			name = Frameworks;
			sourceTree = "<group>";
		};
		BD15781C92630C45F4303617 /* Pods */ = {
			isa = PBXGroup;
			children = (
				EA80EFB42E1B8384EA4A042D /* Pods-TravelDiary.debug.xcconfig */,
				E227007B686D84DB9210E08D /* Pods-TravelDiary.release.xcconfig */,
				B891CE737BB2309D8EDA5FB0 /* Pods-TravelDiaryTests.debug.xcconfig */,
				2FF470A8028DB79C3ED2DA03 /* Pods-TravelDiaryTests.release.xcconfig */,
			);
			path = Pods;
			sourceTree = "<group>";
		};
		DA3386B72380BF6300EBE722 /* LocationSearch */ = {
			isa = PBXGroup;
			children = (
				DA3386B82380BF8900EBE722 /* LocationSearchViewController.swift */,
				DA3386BA2381160000EBE722 /* LocationSearchTableViewController.swift */,
			);
			name = LocationSearch;
			sourceTree = "<group>";
		};
		DA3386C52384A25400EBE722 /* Login&Signup */ = {
			isa = PBXGroup;
			children = (
				DA95BBAE2379090800880622 /* InfoViewController.swift */,
				DAC01D6C23878ECA0043230B /* LoginPageViewController.swift */,
			);
			name = "Login&Signup";
			sourceTree = "<group>";
		};
		DA981594237762430010B001 = {
			isa = PBXGroup;
			children = (
				DA98159F237762430010B001 /* TravelDiary */,
				DA9815B6237762440010B001 /* TravelDiaryTests */,
				DA98159E237762430010B001 /* Products */,
				BD15781C92630C45F4303617 /* Pods */,
				536D9DC7CCF7D23D2363216E /* Frameworks */,
			);
			sourceTree = "<group>";
		};
		DA98159E237762430010B001 /* Products */ = {
			isa = PBXGroup;
			children = (
				DA98159D237762430010B001 /* TravelDiary.app */,
				DA9815B3237762440010B001 /* TravelDiaryTests.xctest */,
			);
			name = Products;
			sourceTree = "<group>";
		};
		DA98159F237762430010B001 /* TravelDiary */ = {
			isa = PBXGroup;
			children = (
				DA3386BE2383566700EBE722 /* TravelDiary.entitlements */,
				DA9815CC237763CC0010B001 /* Controller */,
				DA9815C6237762EB0010B001 /* View */,
				DA9815C3237762B10010B001 /* Model */,
				DAA5F795237A55EC00C0AC52 /* Utilities */,
				DA9815A0237762430010B001 /* AppDelegate.swift */,
				DA9815A6237762430010B001 /* Main.storyboard */,
				DA9815A9237762440010B001 /* Assets.xcassets */,
				DA9815AB237762440010B001 /* LaunchScreen.storyboard */,
				DA9815AE237762440010B001 /* Info.plist */,
				DA9815DB237775E70010B001 /* GoogleService-Info.plist */,
			);
			path = TravelDiary;
			sourceTree = "<group>";
		};
		DA9815B6237762440010B001 /* TravelDiaryTests */ = {
			isa = PBXGroup;
			children = (
				DA9815B7237762440010B001 /* TravelDiaryTests.swift */,
				DA9815B9237762440010B001 /* Info.plist */,
			);
			path = TravelDiaryTests;
			sourceTree = "<group>";
		};
		DA9815C3237762B10010B001 /* Model */ = {
			isa = PBXGroup;
			children = (
				DA20A98E237DF6AA0081DB72 /* DataManager.swift */,
				DAA5F796237A562D00C0AC52 /* UserController.swift */,
				DAA5F798237A575300C0AC52 /* PostController.swift */,
				DAC01D68238633900043230B /* DataSource.swift */,
			);
			name = Model;
			sourceTree = "<group>";
		};
		DA9815C6237762EB0010B001 /* View */ = {
			isa = PBXGroup;
			children = (
				DA3386BF23849FFB00EBE722 /* LoginTextField.swift */,
				DA3386C12384A08000EBE722 /* UIButton.swift */,
				DA43664A23850A7D00AA0821 /* UIView.swift */,
				DAC01D6A23863DB60043230B /* MyPostViewCell.swift */,
				DAC01D6E23879B720043230B /* DateCollectionViewCell.swift */,
			);
			name = View;
			sourceTree = "<group>";
		};
		DA9815CC237763CC0010B001 /* Controller */ = {
			isa = PBXGroup;
			children = (
				DA3386C52384A25400EBE722 /* Login&Signup */,
				DA3386B72380BF6300EBE722 /* LocationSearch */,
				DA9815CD23776D300010B001 /* PlazaTableViewController.swift */,
				DA9815D123776D8F0010B001 /* PostsTableViewController.swift */,
				DA9815D323776DB30010B001 /* CalendarViewController.swift */,
				DA9815CF23776D4D0010B001 /* MapViewController.swift */,
				DA9815D9237772C50010B001 /* LoginViewController.swift */,
				DA9815D523776DC30010B001 /* ProfileViewController.swift */,
				DA9815D723776DD00010B001 /* EditViewController.swift */,
				DA3386B52380A25700EBE722 /* TabViewController.swift */,
			);
			name = Controller;
			sourceTree = "<group>";
		};
		DAA5F795237A55EC00C0AC52 /* Utilities */ = {
			isa = PBXGroup;
			children = (
				DA95BBB223791BE500880622 /* Constant.swift */,
				DA95BBB0237911D400880622 /* Helpers.swift */,
				DAA5F79A237C5B3F00C0AC52 /* travelDiary.xcdatamodeld */,
				DA3386C32384A12A00EBE722 /* FirebaseManager.swift */,
				DA4366482384B30700AA0821 /* ImageManager.swift */,
			);
			name = Utilities;
			sourceTree = "<group>";
		};
/* End PBXGroup section */

/* Begin PBXNativeTarget section */
		DA98159C237762430010B001 /* TravelDiary */ = {
			isa = PBXNativeTarget;
			buildConfigurationList = DA9815BC237762440010B001 /* Build configuration list for PBXNativeTarget "TravelDiary" */;
			buildPhases = (
				D7C6E1D0685694005DCCBC9B /* [CP] Check Pods Manifest.lock */,
				DA981599237762430010B001 /* Sources */,
				DA98159A237762430010B001 /* Frameworks */,
				DA98159B237762430010B001 /* Resources */,
				85C763D8E037F9373E51676C /* [CP] Embed Pods Frameworks */,
			);
			buildRules = (
			);
			dependencies = (
			);
			name = TravelDiary;
			productName = TravelDiary;
			productReference = DA98159D237762430010B001 /* TravelDiary.app */;
			productType = "com.apple.product-type.application";
		};
		DA9815B2237762440010B001 /* TravelDiaryTests */ = {
			isa = PBXNativeTarget;
			buildConfigurationList = DA9815BF237762440010B001 /* Build configuration list for PBXNativeTarget "TravelDiaryTests" */;
			buildPhases = (
				6E7B3050B96EBA4968105F98 /* [CP] Check Pods Manifest.lock */,
				DA9815AF237762440010B001 /* Sources */,
				DA9815B0237762440010B001 /* Frameworks */,
				DA9815B1237762440010B001 /* Resources */,
			);
			buildRules = (
			);
			dependencies = (
				DA9815B5237762440010B001 /* PBXTargetDependency */,
			);
			name = TravelDiaryTests;
			productName = TravelDiaryTests;
			productReference = DA9815B3237762440010B001 /* TravelDiaryTests.xctest */;
			productType = "com.apple.product-type.bundle.unit-test";
		};
/* End PBXNativeTarget section */

/* Begin PBXProject section */
		DA981595237762430010B001 /* Project object */ = {
			isa = PBXProject;
			attributes = {
				LastSwiftUpdateCheck = 1030;
				LastUpgradeCheck = 1030;
				ORGANIZATIONNAME = "Jiaxing Han";
				TargetAttributes = {
					DA98159C237762430010B001 = {
						CreatedOnToolsVersion = 10.3;
						SystemCapabilities = {
							com.apple.HealthKit = {
								enabled = 1;
							};
						};
					};
					DA9815B2237762440010B001 = {
						CreatedOnToolsVersion = 10.3;
						TestTargetID = DA98159C237762430010B001;
					};
				};
			};
			buildConfigurationList = DA981598237762430010B001 /* Build configuration list for PBXProject "TravelDiary" */;
			compatibilityVersion = "Xcode 9.3";
			developmentRegion = en;
			hasScannedForEncodings = 0;
			knownRegions = (
				en,
				Base,
			);
			mainGroup = DA981594237762430010B001;
			productRefGroup = DA98159E237762430010B001 /* Products */;
			projectDirPath = "";
			projectRoot = "";
			targets = (
				DA98159C237762430010B001 /* TravelDiary */,
				DA9815B2237762440010B001 /* TravelDiaryTests */,
			);
		};
/* End PBXProject section */

/* Begin PBXResourcesBuildPhase section */
		DA98159B237762430010B001 /* Resources */ = {
			isa = PBXResourcesBuildPhase;
			buildActionMask = 2147483647;
			files = (
				DA9815AD237762440010B001 /* LaunchScreen.storyboard in Resources */,
				DA9815DC237775E70010B001 /* GoogleService-Info.plist in Resources */,
				DA9815AA237762440010B001 /* Assets.xcassets in Resources */,
				DA9815A8237762430010B001 /* Main.storyboard in Resources */,
			);
			runOnlyForDeploymentPostprocessing = 0;
		};
		DA9815B1237762440010B001 /* Resources */ = {
			isa = PBXResourcesBuildPhase;
			buildActionMask = 2147483647;
			files = (
			);
			runOnlyForDeploymentPostprocessing = 0;
		};
/* End PBXResourcesBuildPhase section */

/* Begin PBXShellScriptBuildPhase section */
		6E7B3050B96EBA4968105F98 /* [CP] Check Pods Manifest.lock */ = {
			isa = PBXShellScriptBuildPhase;
			buildActionMask = 2147483647;
			files = (
			);
			inputFileListPaths = (
			);
			inputPaths = (
				"${PODS_PODFILE_DIR_PATH}/Podfile.lock",
				"${PODS_ROOT}/Manifest.lock",
			);
			name = "[CP] Check Pods Manifest.lock";
			outputFileListPaths = (
			);
			outputPaths = (
				"$(DERIVED_FILE_DIR)/Pods-TravelDiaryTests-checkManifestLockResult.txt",
			);
			runOnlyForDeploymentPostprocessing = 0;
			shellPath = /bin/sh;
			shellScript = "diff \"${PODS_PODFILE_DIR_PATH}/Podfile.lock\" \"${PODS_ROOT}/Manifest.lock\" > /dev/null\nif [ $? != 0 ] ; then\n    # print error to STDERR\n    echo \"error: The sandbox is not in sync with the Podfile.lock. Run 'pod install' or update your CocoaPods installation.\" >&2\n    exit 1\nfi\n# This output is used by Xcode 'outputs' to avoid re-running this script phase.\necho \"SUCCESS\" > \"${SCRIPT_OUTPUT_FILE_0}\"\n";
			showEnvVarsInLog = 0;
		};
		85C763D8E037F9373E51676C /* [CP] Embed Pods Frameworks */ = {
			isa = PBXShellScriptBuildPhase;
			buildActionMask = 2147483647;
			files = (
			);
			inputFileListPaths = (
				"${PODS_ROOT}/Target Support Files/Pods-TravelDiary/Pods-TravelDiary-frameworks-${CONFIGURATION}-input-files.xcfilelist",
			);
			name = "[CP] Embed Pods Frameworks";
			outputFileListPaths = (
				"${PODS_ROOT}/Target Support Files/Pods-TravelDiary/Pods-TravelDiary-frameworks-${CONFIGURATION}-output-files.xcfilelist",
			);
			runOnlyForDeploymentPostprocessing = 0;
			shellPath = /bin/sh;
			shellScript = "\"${PODS_ROOT}/Target Support Files/Pods-TravelDiary/Pods-TravelDiary-frameworks.sh\"\n";
			showEnvVarsInLog = 0;
		};
		D7C6E1D0685694005DCCBC9B /* [CP] Check Pods Manifest.lock */ = {
			isa = PBXShellScriptBuildPhase;
			buildActionMask = 2147483647;
			files = (
			);
			inputFileListPaths = (
			);
			inputPaths = (
				"${PODS_PODFILE_DIR_PATH}/Podfile.lock",
				"${PODS_ROOT}/Manifest.lock",
			);
			name = "[CP] Check Pods Manifest.lock";
			outputFileListPaths = (
			);
			outputPaths = (
				"$(DERIVED_FILE_DIR)/Pods-TravelDiary-checkManifestLockResult.txt",
			);
			runOnlyForDeploymentPostprocessing = 0;
			shellPath = /bin/sh;
			shellScript = "diff \"${PODS_PODFILE_DIR_PATH}/Podfile.lock\" \"${PODS_ROOT}/Manifest.lock\" > /dev/null\nif [ $? != 0 ] ; then\n    # print error to STDERR\n    echo \"error: The sandbox is not in sync with the Podfile.lock. Run 'pod install' or update your CocoaPods installation.\" >&2\n    exit 1\nfi\n# This output is used by Xcode 'outputs' to avoid re-running this script phase.\necho \"SUCCESS\" > \"${SCRIPT_OUTPUT_FILE_0}\"\n";
			showEnvVarsInLog = 0;
		};
/* End PBXShellScriptBuildPhase section */

/* Begin PBXSourcesBuildPhase section */
		DA981599237762430010B001 /* Sources */ = {
			isa = PBXSourcesBuildPhase;
			buildActionMask = 2147483647;
			files = (
				DA9815D623776DC30010B001 /* ProfileViewController.swift in Sources */,
				DA20A98F237DF6AA0081DB72 /* DataManager.swift in Sources */,
				DA9815D423776DB30010B001 /* CalendarViewController.swift in Sources */,
				DA9815CE23776D300010B001 /* PlazaTableViewController.swift in Sources */,
				DA3386BB2381160000EBE722 /* LocationSearchTableViewController.swift in Sources */,
				DAC01D6B23863DB60043230B /* MyPostViewCell.swift in Sources */,
				DA95BBB1237911D400880622 /* Helpers.swift in Sources */,
				DAC01D69238633900043230B /* DataSource.swift in Sources */,
				DA9815D223776D8F0010B001 /* PostsTableViewController.swift in Sources */,
				DA43664B23850A7D00AA0821 /* UIView.swift in Sources */,
				DAA5F799237A575300C0AC52 /* PostController.swift in Sources */,
				DA95BBAF2379090800880622 /* InfoViewController.swift in Sources */,
				DA4366492384B30700AA0821 /* ImageManager.swift in Sources */,
				DA3386C42384A12A00EBE722 /* FirebaseManager.swift in Sources */,
				DA3386B62380A25700EBE722 /* TabViewController.swift in Sources */,
				DAA5F79C237C5B3F00C0AC52 /* travelDiary.xcdatamodeld in Sources */,
				DAC01D6F23879B720043230B /* DateCollectionViewCell.swift in Sources */,
				DA9815DA237772C50010B001 /* LoginViewController.swift in Sources */,
				DAC01D6D23878ECA0043230B /* LoginPageViewController.swift in Sources */,
				DA9815A1237762430010B001 /* AppDelegate.swift in Sources */,
				DA95BBB323791BE500880622 /* Constant.swift in Sources */,
				DA9815D023776D4D0010B001 /* MapViewController.swift in Sources */,
				DA3386C22384A08000EBE722 /* UIButton.swift in Sources */,
				DA3386B92380BF8900EBE722 /* LocationSearchViewController.swift in Sources */,
				DAA5F797237A562D00C0AC52 /* UserController.swift in Sources */,
				DA9815D823776DD00010B001 /* EditViewController.swift in Sources */,
				DA3386C023849FFB00EBE722 /* LoginTextField.swift in Sources */,
			);
			runOnlyForDeploymentPostprocessing = 0;
		};
		DA9815AF237762440010B001 /* Sources */ = {
			isa = PBXSourcesBuildPhase;
			buildActionMask = 2147483647;
			files = (
				DA9815B8237762440010B001 /* TravelDiaryTests.swift in Sources */,
			);
			runOnlyForDeploymentPostprocessing = 0;
		};
/* End PBXSourcesBuildPhase section */

/* Begin PBXTargetDependency section */
		DA9815B5237762440010B001 /* PBXTargetDependency */ = {
			isa = PBXTargetDependency;
			target = DA98159C237762430010B001 /* TravelDiary */;
			targetProxy = DA9815B4237762440010B001 /* PBXContainerItemProxy */;
		};
/* End PBXTargetDependency section */

/* Begin PBXVariantGroup section */
		DA9815A6237762430010B001 /* Main.storyboard */ = {
			isa = PBXVariantGroup;
			children = (
				DA9815A7237762430010B001 /* Base */,
			);
			name = Main.storyboard;
			sourceTree = "<group>";
		};
		DA9815AB237762440010B001 /* LaunchScreen.storyboard */ = {
			isa = PBXVariantGroup;
			children = (
				DA9815AC237762440010B001 /* Base */,
			);
			name = LaunchScreen.storyboard;
			sourceTree = "<group>";
		};
/* End PBXVariantGroup section */

/* Begin XCBuildConfiguration section */
		DA9815BA237762440010B001 /* Debug */ = {
			isa = XCBuildConfiguration;
			buildSettings = {
				ALWAYS_SEARCH_USER_PATHS = NO;
				CLANG_ANALYZER_NONNULL = YES;
				CLANG_ANALYZER_NUMBER_OBJECT_CONVERSION = YES_AGGRESSIVE;
				CLANG_CXX_LANGUAGE_STANDARD = "gnu++14";
				CLANG_CXX_LIBRARY = "libc++";
				CLANG_ENABLE_MODULES = YES;
				CLANG_ENABLE_OBJC_ARC = YES;
				CLANG_ENABLE_OBJC_WEAK = YES;
				CLANG_WARN_BLOCK_CAPTURE_AUTORELEASING = YES;
				CLANG_WARN_BOOL_CONVERSION = YES;
				CLANG_WARN_COMMA = YES;
				CLANG_WARN_CONSTANT_CONVERSION = YES;
				CLANG_WARN_DEPRECATED_OBJC_IMPLEMENTATIONS = YES;
				CLANG_WARN_DIRECT_OBJC_ISA_USAGE = YES_ERROR;
				CLANG_WARN_DOCUMENTATION_COMMENTS = YES;
				CLANG_WARN_EMPTY_BODY = YES;
				CLANG_WARN_ENUM_CONVERSION = YES;
				CLANG_WARN_INFINITE_RECURSION = YES;
				CLANG_WARN_INT_CONVERSION = YES;
				CLANG_WARN_NON_LITERAL_NULL_CONVERSION = YES;
				CLANG_WARN_OBJC_IMPLICIT_RETAIN_SELF = YES;
				CLANG_WARN_OBJC_LITERAL_CONVERSION = YES;
				CLANG_WARN_OBJC_ROOT_CLASS = YES_ERROR;
				CLANG_WARN_RANGE_LOOP_ANALYSIS = YES;
				CLANG_WARN_STRICT_PROTOTYPES = YES;
				CLANG_WARN_SUSPICIOUS_MOVE = YES;
				CLANG_WARN_UNGUARDED_AVAILABILITY = YES_AGGRESSIVE;
				CLANG_WARN_UNREACHABLE_CODE = YES;
				CLANG_WARN__DUPLICATE_METHOD_MATCH = YES;
				CODE_SIGN_IDENTITY = "iPhone Developer";
				COPY_PHASE_STRIP = NO;
				DEBUG_INFORMATION_FORMAT = dwarf;
				ENABLE_STRICT_OBJC_MSGSEND = YES;
				ENABLE_TESTABILITY = YES;
				GCC_C_LANGUAGE_STANDARD = gnu11;
				GCC_DYNAMIC_NO_PIC = NO;
				GCC_NO_COMMON_BLOCKS = YES;
				GCC_OPTIMIZATION_LEVEL = 0;
				GCC_PREPROCESSOR_DEFINITIONS = (
					"DEBUG=1",
					"$(inherited)",
				);
				GCC_WARN_64_TO_32_BIT_CONVERSION = YES;
				GCC_WARN_ABOUT_RETURN_TYPE = YES_ERROR;
				GCC_WARN_UNDECLARED_SELECTOR = YES;
				GCC_WARN_UNINITIALIZED_AUTOS = YES_AGGRESSIVE;
				GCC_WARN_UNUSED_FUNCTION = YES;
				GCC_WARN_UNUSED_VARIABLE = YES;
				IPHONEOS_DEPLOYMENT_TARGET = 12.4;
				MTL_ENABLE_DEBUG_INFO = INCLUDE_SOURCE;
				MTL_FAST_MATH = YES;
				ONLY_ACTIVE_ARCH = YES;
				SDKROOT = iphoneos;
				SWIFT_ACTIVE_COMPILATION_CONDITIONS = DEBUG;
				SWIFT_OPTIMIZATION_LEVEL = "-Onone";
			};
			name = Debug;
		};
		DA9815BB237762440010B001 /* Release */ = {
			isa = XCBuildConfiguration;
			buildSettings = {
				ALWAYS_SEARCH_USER_PATHS = NO;
				CLANG_ANALYZER_NONNULL = YES;
				CLANG_ANALYZER_NUMBER_OBJECT_CONVERSION = YES_AGGRESSIVE;
				CLANG_CXX_LANGUAGE_STANDARD = "gnu++14";
				CLANG_CXX_LIBRARY = "libc++";
				CLANG_ENABLE_MODULES = YES;
				CLANG_ENABLE_OBJC_ARC = YES;
				CLANG_ENABLE_OBJC_WEAK = YES;
				CLANG_WARN_BLOCK_CAPTURE_AUTORELEASING = YES;
				CLANG_WARN_BOOL_CONVERSION = YES;
				CLANG_WARN_COMMA = YES;
				CLANG_WARN_CONSTANT_CONVERSION = YES;
				CLANG_WARN_DEPRECATED_OBJC_IMPLEMENTATIONS = YES;
				CLANG_WARN_DIRECT_OBJC_ISA_USAGE = YES_ERROR;
				CLANG_WARN_DOCUMENTATION_COMMENTS = YES;
				CLANG_WARN_EMPTY_BODY = YES;
				CLANG_WARN_ENUM_CONVERSION = YES;
				CLANG_WARN_INFINITE_RECURSION = YES;
				CLANG_WARN_INT_CONVERSION = YES;
				CLANG_WARN_NON_LITERAL_NULL_CONVERSION = YES;
				CLANG_WARN_OBJC_IMPLICIT_RETAIN_SELF = YES;
				CLANG_WARN_OBJC_LITERAL_CONVERSION = YES;
				CLANG_WARN_OBJC_ROOT_CLASS = YES_ERROR;
				CLANG_WARN_RANGE_LOOP_ANALYSIS = YES;
				CLANG_WARN_STRICT_PROTOTYPES = YES;
				CLANG_WARN_SUSPICIOUS_MOVE = YES;
				CLANG_WARN_UNGUARDED_AVAILABILITY = YES_AGGRESSIVE;
				CLANG_WARN_UNREACHABLE_CODE = YES;
				CLANG_WARN__DUPLICATE_METHOD_MATCH = YES;
				CODE_SIGN_IDENTITY = "iPhone Developer";
				COPY_PHASE_STRIP = NO;
				DEBUG_INFORMATION_FORMAT = "dwarf-with-dsym";
				ENABLE_NS_ASSERTIONS = NO;
				ENABLE_STRICT_OBJC_MSGSEND = YES;
				GCC_C_LANGUAGE_STANDARD = gnu11;
				GCC_NO_COMMON_BLOCKS = YES;
				GCC_WARN_64_TO_32_BIT_CONVERSION = YES;
				GCC_WARN_ABOUT_RETURN_TYPE = YES_ERROR;
				GCC_WARN_UNDECLARED_SELECTOR = YES;
				GCC_WARN_UNINITIALIZED_AUTOS = YES_AGGRESSIVE;
				GCC_WARN_UNUSED_FUNCTION = YES;
				GCC_WARN_UNUSED_VARIABLE = YES;
				IPHONEOS_DEPLOYMENT_TARGET = 12.4;
				MTL_ENABLE_DEBUG_INFO = NO;
				MTL_FAST_MATH = YES;
				SDKROOT = iphoneos;
				SWIFT_COMPILATION_MODE = wholemodule;
				SWIFT_OPTIMIZATION_LEVEL = "-O";
				VALIDATE_PRODUCT = YES;
			};
			name = Release;
		};
		DA9815BD237762440010B001 /* Debug */ = {
			isa = XCBuildConfiguration;
			baseConfigurationReference = EA80EFB42E1B8384EA4A042D /* Pods-TravelDiary.debug.xcconfig */;
			buildSettings = {
				ASSETCATALOG_COMPILER_APPICON_NAME = AppIcon;
				CODE_SIGN_ENTITLEMENTS = TravelDiary/TravelDiary.entitlements;
				CODE_SIGN_STYLE = Automatic;
				DEVELOPMENT_TEAM = HZW2XLNU57;
				INFOPLIST_FILE = TravelDiary/Info.plist;
				LD_RUNPATH_SEARCH_PATHS = (
					"$(inherited)",
					"@executable_path/Frameworks",
				);
				PRODUCT_BUNDLE_IDENTIFIER = edu.psu.cse.juh379.TravelDiary;
				PRODUCT_NAME = "$(TARGET_NAME)";
				SWIFT_VERSION = 5.0;
				TARGETED_DEVICE_FAMILY = "1,2";
			};
			name = Debug;
		};
		DA9815BE237762440010B001 /* Release */ = {
			isa = XCBuildConfiguration;
			baseConfigurationReference = E227007B686D84DB9210E08D /* Pods-TravelDiary.release.xcconfig */;
			buildSettings = {
				ASSETCATALOG_COMPILER_APPICON_NAME = AppIcon;
				CODE_SIGN_ENTITLEMENTS = TravelDiary/TravelDiary.entitlements;
				CODE_SIGN_STYLE = Automatic;
				DEVELOPMENT_TEAM = HZW2XLNU57;
				INFOPLIST_FILE = TravelDiary/Info.plist;
				LD_RUNPATH_SEARCH_PATHS = (
					"$(inherited)",
					"@executable_path/Frameworks",
				);
				PRODUCT_BUNDLE_IDENTIFIER = edu.psu.cse.juh379.TravelDiary;
				PRODUCT_NAME = "$(TARGET_NAME)";
				SWIFT_VERSION = 5.0;
				TARGETED_DEVICE_FAMILY = "1,2";
			};
			name = Release;
		};
		DA9815C0237762440010B001 /* Debug */ = {
			isa = XCBuildConfiguration;
			baseConfigurationReference = B891CE737BB2309D8EDA5FB0 /* Pods-TravelDiaryTests.debug.xcconfig */;
			buildSettings = {
				ALWAYS_EMBED_SWIFT_STANDARD_LIBRARIES = YES;
				BUNDLE_LOADER = "$(TEST_HOST)";
				CODE_SIGN_STYLE = Automatic;
				INFOPLIST_FILE = TravelDiaryTests/Info.plist;
				LD_RUNPATH_SEARCH_PATHS = (
					"$(inherited)",
					"@executable_path/Frameworks",
					"@loader_path/Frameworks",
				);
				PRODUCT_BUNDLE_IDENTIFIER = edu.psu.cse.juh379.TravelDiaryTests;
				PRODUCT_NAME = "$(TARGET_NAME)";
				SWIFT_VERSION = 5.0;
				TARGETED_DEVICE_FAMILY = "1,2";
				TEST_HOST = "$(BUILT_PRODUCTS_DIR)/TravelDiary.app/TravelDiary";
			};
			name = Debug;
		};
		DA9815C1237762440010B001 /* Release */ = {
			isa = XCBuildConfiguration;
			baseConfigurationReference = 2FF470A8028DB79C3ED2DA03 /* Pods-TravelDiaryTests.release.xcconfig */;
			buildSettings = {
				ALWAYS_EMBED_SWIFT_STANDARD_LIBRARIES = YES;
				BUNDLE_LOADER = "$(TEST_HOST)";
				CODE_SIGN_STYLE = Automatic;
				INFOPLIST_FILE = TravelDiaryTests/Info.plist;
				LD_RUNPATH_SEARCH_PATHS = (
					"$(inherited)",
					"@executable_path/Frameworks",
					"@loader_path/Frameworks",
				);
				PRODUCT_BUNDLE_IDENTIFIER = edu.psu.cse.juh379.TravelDiaryTests;
				PRODUCT_NAME = "$(TARGET_NAME)";
				SWIFT_VERSION = 5.0;
				TARGETED_DEVICE_FAMILY = "1,2";
				TEST_HOST = "$(BUILT_PRODUCTS_DIR)/TravelDiary.app/TravelDiary";
			};
			name = Release;
		};
/* End XCBuildConfiguration section */

/* Begin XCConfigurationList section */
		DA981598237762430010B001 /* Build configuration list for PBXProject "TravelDiary" */ = {
			isa = XCConfigurationList;
			buildConfigurations = (
				DA9815BA237762440010B001 /* Debug */,
				DA9815BB237762440010B001 /* Release */,
			);
			defaultConfigurationIsVisible = 0;
			defaultConfigurationName = Release;
		};
		DA9815BC237762440010B001 /* Build configuration list for PBXNativeTarget "TravelDiary" */ = {
			isa = XCConfigurationList;
			buildConfigurations = (
				DA9815BD237762440010B001 /* Debug */,
				DA9815BE237762440010B001 /* Release */,
			);
			defaultConfigurationIsVisible = 0;
			defaultConfigurationName = Release;
		};
		DA9815BF237762440010B001 /* Build configuration list for PBXNativeTarget "TravelDiaryTests" */ = {
			isa = XCConfigurationList;
			buildConfigurations = (
				DA9815C0237762440010B001 /* Debug */,
				DA9815C1237762440010B001 /* Release */,
			);
			defaultConfigurationIsVisible = 0;
			defaultConfigurationName = Release;
		};
/* End XCConfigurationList section */

/* Begin XCVersionGroup section */
		DAA5F79A237C5B3F00C0AC52 /* travelDiary.xcdatamodeld */ = {
			isa = XCVersionGroup;
			children = (
				DAA5F79B237C5B3F00C0AC52 /* travelDiary.xcdatamodel */,
			);
			currentVersion = DAA5F79B237C5B3F00C0AC52 /* travelDiary.xcdatamodel */;
			path = travelDiary.xcdatamodeld;
			sourceTree = "<group>";
			versionGroupType = wrapper.xcdatamodel;
		};
/* End XCVersionGroup section */
	};
	rootObject = DA981595237762430010B001 /* Project object */;
}
